
Microsoft Visual Studio Solution File, Format Version 12.00
# Visual Studio Version 17
VisualStudioVersion = 17.9.34728.123
MinimumVisualStudioVersion = 10.0.40219.1
Project("{FAE04EC0-301F-11D3-BF4B-00C04F79EFBC}") = "Zavrsni.Web", "Zavrsni.Web\Zavrsni.Web.csproj", "{ADEB0C33-379F-4212-8311-E5BE56CF4592}"
EndProject
Project("{FAE04EC0-301F-11D3-BF4B-00C04F79EFBC}") = "Zavrsni.Model", "Zavrsni.Model\Zavrsni.Model.csproj", "{050D1FFC-AED8-457F-8F25-0A1D13F855EA}"
EndProject
Global
	GlobalSection(SolutionConfigurationPlatforms) = preSolution
		Debug|Any CPU = Debug|Any CPU
		Release|Any CPU = Release|Any CPU
	EndGlobalSection
	GlobalSection(ProjectConfigurationPlatforms) = postSolution
		{ADEB0C33-379F-4212-8311-E5BE56CF4592}.Debug|Any CPU.ActiveCfg = Debug|Any CPU
		{ADEB0C33-379F-4212-8311-E5BE56CF4592}.Debug|Any CPU.Build.0 = Debug|Any CPU
		{ADEB0C33-379F-4212-8311-E5BE56CF4592}.Release|Any CPU.ActiveCfg = Release|Any CPU
		{ADEB0C33-379F-4212-8311-E5BE56CF4592}.Release|Any CPU.Build.0 = Release|Any CPU
		{050D1FFC-AED8-457F-8F25-0A1D13F855EA}.Debug|Any CPU.ActiveCfg = Debug|Any CPU
		{050D1FFC-AED8-457F-8F25-0A1D13F855EA}.Debug|Any CPU.Build.0 = Debug|Any CPU
		{050D1FFC-AED8-457F-8F25-0A1D13F855EA}.Release|Any CPU.ActiveCfg = Release|Any CPU
		{050D1FFC-AED8-457F-8F25-0A1D13F855EA}.Release|Any CPU.Build.0 = Release|Any CPU
	EndGlobalSection
	GlobalSection(SolutionProperties) = preSolution
		HideSolutionNode = FALSE
	EndGlobalSection
	GlobalSection(ExtensibilityGlobals) = postSolution
		SolutionGuid = {8137897B-28EB-4C54-BEE7-B610B4ADCE44}
	EndGlobalSection
EndGlobal
